{
    "_readme": [
        "This file locks the dependencies of your project to a known state",
        "Read more about it at https://getcomposer.org/doc/01-basic-usage.md#composer-lock-the-lock-file",
        "This file is @generated automatically"
    ],
    "content-hash": "45d5582f5cae083061ba58edaeff1a56",
    "packages": [
        {
            "name": "cap60552/php-sip2",
            "version": "v1.0.0",
            "source": {
                "type": "git",
                "url": "https://github.com/cap60552/php-sip2.git",
                "reference": "9904f94e857b7d4d4fd494f2d6634dcaf0d6e2c1"
            },
            "dist": {
                "type": "zip",
                "url": "https://api.github.com/repos/cap60552/php-sip2/zipball/9904f94e857b7d4d4fd494f2d6634dcaf0d6e2c1",
                "reference": "9904f94e857b7d4d4fd494f2d6634dcaf0d6e2c1",
                "shasum": ""
            },
            "type": "library",
            "autoload": {
                "classmap": [
                    "/"
                ]
            },
            "notification-url": "https://packagist.org/downloads/",
            "license": [
                "GPL-3.0"
            ],
            "authors": [
                {
                    "name": "John Wohlers",
                    "email": "john@wohlershome.net",
                    "role": "Maintainer"
                }
            ],
            "description": "PHP class library to facilitate communication with Integrated Library System (ILS) servers via 3M's SIP2.",
            "homepage": "https://github.com/cap60552/php-sip2",
            "time": "2015-11-03T04:42:39+00:00"
        }
    ],
    "packages-dev": [],
    "aliases": [],
    "minimum-stability": "stable",
    "stability-flags": [],
    "prefer-stable": false,
    "prefer-lowest": false,
    "platform": [],
    "platform-dev": []
}
